// !$*UTF8*$!
{
	archiveVersion = 1;
	classes = {
	};
	objectVersion = 51;
	objects = {

/* Begin PBXBuildFile section */
		43217BCB244CB6F000A20F25 /* AuthViewController.swift in Sources */ = {isa = PBXBuildFile; fileRef = 43217BCA244CB6F000A20F25 /* AuthViewController.swift */; };
		4344F04B24437DA9006FE64F /* StringExtentions.swift in Sources */ = {isa = PBXBuildFile; fileRef = 4344F04A24437DA9006FE64F /* StringExtentions.swift */; };
		4351694F245500A80052E48A /* SearchViewController.swift in Sources */ = {isa = PBXBuildFile; fileRef = 4351694E245500A80052E48A /* SearchViewController.swift */; };
		43610E9324546A2500601368 /* HudView.swift in Sources */ = {isa = PBXBuildFile; fileRef = 43610E9224546A2500601368 /* HudView.swift */; };
		43610E9524547F0200601368 /* ListCell.swift in Sources */ = {isa = PBXBuildFile; fileRef = 43610E9424547F0200601368 /* ListCell.swift */; };
		43610E9724547F1300601368 /* ItemCell.swift in Sources */ = {isa = PBXBuildFile; fileRef = 43610E9624547F1300601368 /* ItemCell.swift */; };
		43610E9924547FAF00601368 /* RemindItemCell.swift in Sources */ = {isa = PBXBuildFile; fileRef = 43610E9824547FAF00601368 /* RemindItemCell.swift */; };
		43610E9B245483B200601368 /* ChecklistItem.swift in Sources */ = {isa = PBXBuildFile; fileRef = 43610E9A245483B200601368 /* ChecklistItem.swift */; };
		4365DBFE2454AF5900C69865 /* TableViewExtensions.swift in Sources */ = {isa = PBXBuildFile; fileRef = 4365DBFD2454AF5900C69865 /* TableViewExtensions.swift */; };
		437B5132243F8599001EC7BF /* AllListsViewController.swift in Sources */ = {isa = PBXBuildFile; fileRef = 437B5131243F8599001EC7BF /* AllListsViewController.swift */; };
		437B5138243FC225001EC7BF /* ListDetailViewController.swift in Sources */ = {isa = PBXBuildFile; fileRef = 437B5137243FC225001EC7BF /* ListDetailViewController.swift */; };
		437B513A243FF3D1001EC7BF /* DataController.swift in Sources */ = {isa = PBXBuildFile; fileRef = 437B5139243FF3D1001EC7BF /* DataController.swift */; };
		438E6A3A2453839800B3043D /* ProfileViewController.swift in Sources */ = {isa = PBXBuildFile; fileRef = 438E6A392453839800B3043D /* ProfileViewController.swift */; };
		438E6A3D245386E300B3043D /* AuthController.swift in Sources */ = {isa = PBXBuildFile; fileRef = 438E6A3C245386E300B3043D /* AuthController.swift */; };
		43B64F51243D4BEB00D313EA /* ItemViewController.swift in Sources */ = {isa = PBXBuildFile; fileRef = 43B64F50243D4BEB00D313EA /* ItemViewController.swift */; };
		43D2237E2440828000EB0AD9 /* IconPickerViewController.swift in Sources */ = {isa = PBXBuildFile; fileRef = 43D2237D2440828000EB0AD9 /* IconPickerViewController.swift */; };
		43F4DCEC244CA83800865B81 /* GoogleService-Info.plist in Resources */ = {isa = PBXBuildFile; fileRef = 43F4DCEB244CA83800865B81 /* GoogleService-Info.plist */; };
		43FD7EBC243CC52D006FAAB1 /* AppDelegate.swift in Sources */ = {isa = PBXBuildFile; fileRef = 43FD7EBB243CC52D006FAAB1 /* AppDelegate.swift */; };
		43FD7EC0243CC52D006FAAB1 /* ChecklistViewController.swift in Sources */ = {isa = PBXBuildFile; fileRef = 43FD7EBF243CC52D006FAAB1 /* ChecklistViewController.swift */; };
		43FD7EC3243CC52D006FAAB1 /* Main.storyboard in Resources */ = {isa = PBXBuildFile; fileRef = 43FD7EC1243CC52D006FAAB1 /* Main.storyboard */; };
		43FD7EC5243CC52F006FAAB1 /* Assets.xcassets in Resources */ = {isa = PBXBuildFile; fileRef = 43FD7EC4243CC52F006FAAB1 /* Assets.xcassets */; };
		43FD7ED0243CDDE6006FAAB1 /* Checklist.swift in Sources */ = {isa = PBXBuildFile; fileRef = 43FD7ECF243CDDE6006FAAB1 /* Checklist.swift */; };
		5B981AB07F5B9B490F31B46C /* Pods_CheckLists.framework in Frameworks */ = {isa = PBXBuildFile; fileRef = 90071247F8C63202781A317F /* Pods_CheckLists.framework */; };
/* End PBXBuildFile section */

/* Begin PBXFileReference section */
		43217BCA244CB6F000A20F25 /* AuthViewController.swift */ = {isa = PBXFileReference; lastKnownFileType = sourcecode.swift; path = AuthViewController.swift; sourceTree = "<group>"; };
		4344F04A24437DA9006FE64F /* StringExtentions.swift */ = {isa = PBXFileReference; lastKnownFileType = sourcecode.swift; path = StringExtentions.swift; sourceTree = "<group>"; };
		4351694E245500A80052E48A /* SearchViewController.swift */ = {isa = PBXFileReference; lastKnownFileType = sourcecode.swift; path = SearchViewController.swift; sourceTree = "<group>"; };
		43610E9224546A2500601368 /* HudView.swift */ = {isa = PBXFileReference; lastKnownFileType = sourcecode.swift; path = HudView.swift; sourceTree = "<group>"; };
		43610E9424547F0200601368 /* ListCell.swift */ = {isa = PBXFileReference; lastKnownFileType = sourcecode.swift; path = ListCell.swift; sourceTree = "<group>"; };
		43610E9624547F1300601368 /* ItemCell.swift */ = {isa = PBXFileReference; lastKnownFileType = sourcecode.swift; path = ItemCell.swift; sourceTree = "<group>"; };
		43610E9824547FAF00601368 /* RemindItemCell.swift */ = {isa = PBXFileReference; lastKnownFileType = sourcecode.swift; path = RemindItemCell.swift; sourceTree = "<group>"; };
		43610E9A245483B200601368 /* ChecklistItem.swift */ = {isa = PBXFileReference; lastKnownFileType = sourcecode.swift; path = ChecklistItem.swift; sourceTree = "<group>"; };
		4365DBFD2454AF5900C69865 /* TableViewExtensions.swift */ = {isa = PBXFileReference; lastKnownFileType = sourcecode.swift; path = TableViewExtensions.swift; sourceTree = "<group>"; };
		437B5131243F8599001EC7BF /* AllListsViewController.swift */ = {isa = PBXFileReference; lastKnownFileType = sourcecode.swift; path = AllListsViewController.swift; sourceTree = "<group>"; };
		437B5137243FC225001EC7BF /* ListDetailViewController.swift */ = {isa = PBXFileReference; lastKnownFileType = sourcecode.swift; path = ListDetailViewController.swift; sourceTree = "<group>"; };
		437B5139243FF3D1001EC7BF /* DataController.swift */ = {isa = PBXFileReference; lastKnownFileType = sourcecode.swift; path = DataController.swift; sourceTree = "<group>"; };
		438E6A392453839800B3043D /* ProfileViewController.swift */ = {isa = PBXFileReference; lastKnownFileType = sourcecode.swift; path = ProfileViewController.swift; sourceTree = "<group>"; };
		438E6A3C245386E300B3043D /* AuthController.swift */ = {isa = PBXFileReference; lastKnownFileType = sourcecode.swift; path = AuthController.swift; sourceTree = "<group>"; };
		43B64F50243D4BEB00D313EA /* ItemViewController.swift */ = {isa = PBXFileReference; lastKnownFileType = sourcecode.swift; path = ItemViewController.swift; sourceTree = "<group>"; };
		43D2237D2440828000EB0AD9 /* IconPickerViewController.swift */ = {isa = PBXFileReference; lastKnownFileType = sourcecode.swift; path = IconPickerViewController.swift; sourceTree = "<group>"; };
		43F4DCEB244CA83800865B81 /* GoogleService-Info.plist */ = {isa = PBXFileReference; fileEncoding = 4; lastKnownFileType = text.plist.xml; path = "GoogleService-Info.plist"; sourceTree = "<group>"; };
		43FD7EB8243CC52D006FAAB1 /* CheckLists.app */ = {isa = PBXFileReference; explicitFileType = wrapper.application; includeInIndex = 0; path = CheckLists.app; sourceTree = BUILT_PRODUCTS_DIR; };
		43FD7EBB243CC52D006FAAB1 /* AppDelegate.swift */ = {isa = PBXFileReference; lastKnownFileType = sourcecode.swift; path = AppDelegate.swift; sourceTree = "<group>"; };
		43FD7EBF243CC52D006FAAB1 /* ChecklistViewController.swift */ = {isa = PBXFileReference; lastKnownFileType = sourcecode.swift; path = ChecklistViewController.swift; sourceTree = "<group>"; };
		43FD7EC2243CC52D006FAAB1 /* Base */ = {isa = PBXFileReference; lastKnownFileType = file.storyboard; name = Base; path = Base.lproj/Main.storyboard; sourceTree = "<group>"; };
		43FD7EC4243CC52F006FAAB1 /* Assets.xcassets */ = {isa = PBXFileReference; lastKnownFileType = folder.assetcatalog; path = Assets.xcassets; sourceTree = "<group>"; };
		43FD7EC9243CC52F006FAAB1 /* Info.plist */ = {isa = PBXFileReference; lastKnownFileType = text.plist.xml; path = Info.plist; sourceTree = "<group>"; };
		43FD7ECF243CDDE6006FAAB1 /* Checklist.swift */ = {isa = PBXFileReference; lastKnownFileType = sourcecode.swift; path = Checklist.swift; sourceTree = "<group>"; };
		90071247F8C63202781A317F /* Pods_CheckLists.framework */ = {isa = PBXFileReference; explicitFileType = wrapper.framework; includeInIndex = 0; path = Pods_CheckLists.framework; sourceTree = BUILT_PRODUCTS_DIR; };
		A0808B69214B98B42EB7C90C /* Pods-CheckLists.release.xcconfig */ = {isa = PBXFileReference; includeInIndex = 1; lastKnownFileType = text.xcconfig; name = "Pods-CheckLists.release.xcconfig"; path = "Target Support Files/Pods-CheckLists/Pods-CheckLists.release.xcconfig"; sourceTree = "<group>"; };
		E1E260DDE306F34853249187 /* Pods-CheckLists.debug.xcconfig */ = {isa = PBXFileReference; includeInIndex = 1; lastKnownFileType = text.xcconfig; name = "Pods-CheckLists.debug.xcconfig"; path = "Target Support Files/Pods-CheckLists/Pods-CheckLists.debug.xcconfig"; sourceTree = "<group>"; };
/* End PBXFileReference section */

/* Begin PBXFrameworksBuildPhase section */
		43FD7EB5243CC52D006FAAB1 /* Frameworks */ = {
			isa = PBXFrameworksBuildPhase;
			buildActionMask = 2147483647;
			files = (
				5B981AB07F5B9B490F31B46C /* Pods_CheckLists.framework in Frameworks */,
			);
			runOnlyForDeploymentPostprocessing = 0;
		};
/* End PBXFrameworksBuildPhase section */

/* Begin PBXGroup section */
		202A8FDAE5B342DB5A478AD8 /* Pods */ = {
			isa = PBXGroup;
			children = (
				E1E260DDE306F34853249187 /* Pods-CheckLists.debug.xcconfig */,
				A0808B69214B98B42EB7C90C /* Pods-CheckLists.release.xcconfig */,
			);
			path = Pods;
			sourceTree = "<group>";
		};
		43610E91245469ED00601368 /* Views */ = {
			isa = PBXGroup;
			children = (
				43610E9224546A2500601368 /* HudView.swift */,
				43610E9424547F0200601368 /* ListCell.swift */,
				43610E9624547F1300601368 /* ItemCell.swift */,
				43610E9824547FAF00601368 /* RemindItemCell.swift */,
			);
			path = Views;
			sourceTree = "<group>";
		};
		4384B23924402125000A5CED /* ViewControllers */ = {
			isa = PBXGroup;
			children = (
				437B5131243F8599001EC7BF /* AllListsViewController.swift */,
				43FD7EBF243CC52D006FAAB1 /* ChecklistViewController.swift */,
				43B64F50243D4BEB00D313EA /* ItemViewController.swift */,
				437B5137243FC225001EC7BF /* ListDetailViewController.swift */,
				43D2237D2440828000EB0AD9 /* IconPickerViewController.swift */,
				43217BCA244CB6F000A20F25 /* AuthViewController.swift */,
				438E6A392453839800B3043D /* ProfileViewController.swift */,
				4351694E245500A80052E48A /* SearchViewController.swift */,
			);
			path = ViewControllers;
			sourceTree = "<group>";
		};
		4384B23A2440213C000A5CED /* DataModels */ = {
			isa = PBXGroup;
			children = (
				43FD7ECF243CDDE6006FAAB1 /* Checklist.swift */,
				43610E9A245483B200601368 /* ChecklistItem.swift */,
			);
			path = DataModels;
			sourceTree = "<group>";
		};
		4384B23B24402158000A5CED /* Resources */ = {
			isa = PBXGroup;
			children = (
				43FD7EC4243CC52F006FAAB1 /* Assets.xcassets */,
				43FD7EC1243CC52D006FAAB1 /* Main.storyboard */,
			);
			path = Resources;
			sourceTree = "<group>";
		};
		438E6A3B245386D300B3043D /* Controllers */ = {
			isa = PBXGroup;
			children = (
				437B5139243FF3D1001EC7BF /* DataController.swift */,
				438E6A3C245386E300B3043D /* AuthController.swift */,
			);
			path = Controllers;
			sourceTree = "<group>";
		};
		43964FB52440A909007AFB04 /* helpers */ = {
			isa = PBXGroup;
			children = (
				4344F04A24437DA9006FE64F /* StringExtentions.swift */,
				4365DBFD2454AF5900C69865 /* TableViewExtensions.swift */,
			);
			path = helpers;
			sourceTree = "<group>";
		};
		43FD7EAF243CC52C006FAAB1 = {
			isa = PBXGroup;
			children = (
				43FD7EBA243CC52D006FAAB1 /* CheckLists */,
				43FD7EB9243CC52D006FAAB1 /* Products */,
				202A8FDAE5B342DB5A478AD8 /* Pods */,
				87328CC014E6FEED0F13D1B9 /* Frameworks */,
			);
			sourceTree = "<group>";
		};
		43FD7EB9243CC52D006FAAB1 /* Products */ = {
			isa = PBXGroup;
			children = (
				43FD7EB8243CC52D006FAAB1 /* CheckLists.app */,
			);
			name = Products;
			sourceTree = "<group>";
		};
		43FD7EBA243CC52D006FAAB1 /* CheckLists */ = {
			isa = PBXGroup;
			children = (
				43610E91245469ED00601368 /* Views */,
				438E6A3B245386D300B3043D /* Controllers */,
				43964FB52440A909007AFB04 /* helpers */,
				4384B23B24402158000A5CED /* Resources */,
				4384B23A2440213C000A5CED /* DataModels */,
				4384B23924402125000A5CED /* ViewControllers */,
				43FD7EBB243CC52D006FAAB1 /* AppDelegate.swift */,
				43FD7EC9243CC52F006FAAB1 /* Info.plist */,
				43F4DCEB244CA83800865B81 /* GoogleService-Info.plist */,
			);
			path = CheckLists;
			sourceTree = "<group>";
		};
		87328CC014E6FEED0F13D1B9 /* Frameworks */ = {
			isa = PBXGroup;
			children = (
				90071247F8C63202781A317F /* Pods_CheckLists.framework */,
			);
			name = Frameworks;
			sourceTree = "<group>";
		};
/* End PBXGroup section */

/* Begin PBXNativeTarget section */
		43FD7EB7243CC52D006FAAB1 /* CheckLists */ = {
			isa = PBXNativeTarget;
			buildConfigurationList = 43FD7ECC243CC52F006FAAB1 /* Build configuration list for PBXNativeTarget "CheckLists" */;
			buildPhases = (
				DA4E69823DD7D4FF4434A10B /* [CP] Check Pods Manifest.lock */,
				43FD7EB4243CC52D006FAAB1 /* Sources */,
				43FD7EB5243CC52D006FAAB1 /* Frameworks */,
				43FD7EB6243CC52D006FAAB1 /* Resources */,
				A54BF08C9EB7CBA3C2BE848B /* [CP] Embed Pods Frameworks */,
				B499AE2C23A9A7B604532B0C /* [CP] Copy Pods Resources */,
			);
			buildRules = (
			);
			dependencies = (
			);
			name = CheckLists;
			productName = CheckLists;
			productReference = 43FD7EB8243CC52D006FAAB1 /* CheckLists.app */;
			productType = "com.apple.product-type.application";
		};
/* End PBXNativeTarget section */

/* Begin PBXProject section */
		43FD7EB0243CC52C006FAAB1 /* Project object */ = {
			isa = PBXProject;
			attributes = {
				LastSwiftUpdateCheck = 1130;
				LastUpgradeCheck = 1130;
				ORGANIZATIONNAME = "Wilfred Asomani";
				TargetAttributes = {
					43FD7EB7243CC52D006FAAB1 = {
						CreatedOnToolsVersion = 11.3;
					};
				};
			};
			buildConfigurationList = 43FD7EB3243CC52C006FAAB1 /* Build configuration list for PBXProject "CheckLists" */;
			compatibilityVersion = "Xcode 9.3";
			developmentRegion = en;
			hasScannedForEncodings = 0;
			knownRegions = (
				en,
				Base,
			);
			mainGroup = 43FD7EAF243CC52C006FAAB1;
			productRefGroup = 43FD7EB9243CC52D006FAAB1 /* Products */;
			projectDirPath = "";
			projectRoot = "";
			targets = (
				43FD7EB7243CC52D006FAAB1 /* CheckLists */,
			);
		};
/* End PBXProject section */

/* Begin PBXResourcesBuildPhase section */
		43FD7EB6243CC52D006FAAB1 /* Resources */ = {
			isa = PBXResourcesBuildPhase;
			buildActionMask = 2147483647;
			files = (
				43FD7EC5243CC52F006FAAB1 /* Assets.xcassets in Resources */,
				43FD7EC3243CC52D006FAAB1 /* Main.storyboard in Resources */,
				43F4DCEC244CA83800865B81 /* GoogleService-Info.plist in Resources */,
			);
			runOnlyForDeploymentPostprocessing = 0;
		};
/* End PBXResourcesBuildPhase section */

/* Begin PBXShellScriptBuildPhase section */
		A54BF08C9EB7CBA3C2BE848B /* [CP] Embed Pods Frameworks */ = {
			isa = PBXShellScriptBuildPhase;
			buildActionMask = 2147483647;
			files = (
			);
			inputFileListPaths = (
				"${PODS_ROOT}/Target Support Files/Pods-CheckLists/Pods-CheckLists-frameworks-${CONFIGURATION}-input-files.xcfilelist",
			);
			name = "[CP] Embed Pods Frameworks";
			outputFileListPaths = (
				"${PODS_ROOT}/Target Support Files/Pods-CheckLists/Pods-CheckLists-frameworks-${CONFIGURATION}-output-files.xcfilelist",
			);
			runOnlyForDeploymentPostprocessing = 0;
			shellPath = /bin/sh;
			shellScript = "\"${PODS_ROOT}/Target Support Files/Pods-CheckLists/Pods-CheckLists-frameworks.sh\"\n";
			showEnvVarsInLog = 0;
		};
		B499AE2C23A9A7B604532B0C /* [CP] Copy Pods Resources */ = {
			isa = PBXShellScriptBuildPhase;
			buildActionMask = 2147483647;
			files = (
			);
			inputFileListPaths = (
				"${PODS_ROOT}/Target Support Files/Pods-CheckLists/Pods-CheckLists-resources-${CONFIGURATION}-input-files.xcfilelist",
			);
			name = "[CP] Copy Pods Resources";
			outputFileListPaths = (
				"${PODS_ROOT}/Target Support Files/Pods-CheckLists/Pods-CheckLists-resources-${CONFIGURATION}-output-files.xcfilelist",
			);
			runOnlyForDeploymentPostprocessing = 0;
			shellPath = /bin/sh;
			shellScript = "\"${PODS_ROOT}/Target Support Files/Pods-CheckLists/Pods-CheckLists-resources.sh\"\n";
			showEnvVarsInLog = 0;
		};
		DA4E69823DD7D4FF4434A10B /* [CP] Check Pods Manifest.lock */ = {
			isa = PBXShellScriptBuildPhase;
			buildActionMask = 2147483647;
			files = (
			);
			inputFileListPaths = (
			);
			inputPaths = (
				"${PODS_PODFILE_DIR_PATH}/Podfile.lock",
				"${PODS_ROOT}/Manifest.lock",
			);
			name = "[CP] Check Pods Manifest.lock";
			outputFileListPaths = (
			);
			outputPaths = (
				"$(DERIVED_FILE_DIR)/Pods-CheckLists-checkManifestLockResult.txt",
			);
			runOnlyForDeploymentPostprocessing = 0;
			shellPath = /bin/sh;
			shellScript = "diff \"${PODS_PODFILE_DIR_PATH}/Podfile.lock\" \"${PODS_ROOT}/Manifest.lock\" > /dev/null\nif [ $? != 0 ] ; then\n    # print error to STDERR\n    echo \"error: The sandbox is not in sync with the Podfile.lock. Run 'pod install' or update your CocoaPods installation.\" >&2\n    exit 1\nfi\n# This output is used by Xcode 'outputs' to avoid re-running this script phase.\necho \"SUCCESS\" > \"${SCRIPT_OUTPUT_FILE_0}\"\n";
			showEnvVarsInLog = 0;
		};
/* End PBXShellScriptBuildPhase section */

/* Begin PBXSourcesBuildPhase section */
		43FD7EB4243CC52D006FAAB1 /* Sources */ = {
			isa = PBXSourcesBuildPhase;
			buildActionMask = 2147483647;
			files = (
				43FD7EC0243CC52D006FAAB1 /* ChecklistViewController.swift in Sources */,
				438E6A3D245386E300B3043D /* AuthController.swift in Sources */,
				43B64F51243D4BEB00D313EA /* ItemViewController.swift in Sources */,
				43610E9524547F0200601368 /* ListCell.swift in Sources */,
				4351694F245500A80052E48A /* SearchViewController.swift in Sources */,
				43217BCB244CB6F000A20F25 /* AuthViewController.swift in Sources */,
				437B5132243F8599001EC7BF /* AllListsViewController.swift in Sources */,
				43D2237E2440828000EB0AD9 /* IconPickerViewController.swift in Sources */,
				4344F04B24437DA9006FE64F /* StringExtentions.swift in Sources */,
				438E6A3A2453839800B3043D /* ProfileViewController.swift in Sources */,
				43FD7ED0243CDDE6006FAAB1 /* Checklist.swift in Sources */,
				43FD7EBC243CC52D006FAAB1 /* AppDelegate.swift in Sources */,
				437B5138243FC225001EC7BF /* ListDetailViewController.swift in Sources */,
				437B513A243FF3D1001EC7BF /* DataController.swift in Sources */,
				43610E9924547FAF00601368 /* RemindItemCell.swift in Sources */,
				43610E9324546A2500601368 /* HudView.swift in Sources */,
				43610E9B245483B200601368 /* ChecklistItem.swift in Sources */,
				43610E9724547F1300601368 /* ItemCell.swift in Sources */,
				4365DBFE2454AF5900C69865 /* TableViewExtensions.swift in Sources */,
			);
			runOnlyForDeploymentPostprocessing = 0;
		};
/* End PBXSourcesBuildPhase section */

/* Begin PBXVariantGroup section */
		43FD7EC1243CC52D006FAAB1 /* Main.storyboard */ = {
			isa = PBXVariantGroup;
			children = (
				43FD7EC2243CC52D006FAAB1 /* Base */,
			);
			name = Main.storyboard;
			sourceTree = "<group>";
		};
/* End PBXVariantGroup section */

/* Begin XCBuildConfiguration section */
		43FD7ECA243CC52F006FAAB1 /* Debug */ = {
			isa = XCBuildConfiguration;
			buildSettings = {
				ALWAYS_SEARCH_USER_PATHS = NO;
				CLANG_ANALYZER_NONNULL = YES;
				CLANG_ANALYZER_NUMBER_OBJECT_CONVERSION = YES_AGGRESSIVE;
				CLANG_CXX_LANGUAGE_STANDARD = "gnu++14";
				CLANG_CXX_LIBRARY = "libc++";
				CLANG_ENABLE_MODULES = YES;
				CLANG_ENABLE_OBJC_ARC = YES;
				CLANG_ENABLE_OBJC_WEAK = YES;
				CLANG_WARN_BLOCK_CAPTURE_AUTORELEASING = YES;
				CLANG_WARN_BOOL_CONVERSION = YES;
				CLANG_WARN_COMMA = YES;
				CLANG_WARN_CONSTANT_CONVERSION = YES;
				CLANG_WARN_DEPRECATED_OBJC_IMPLEMENTATIONS = YES;
				CLANG_WARN_DIRECT_OBJC_ISA_USAGE = YES_ERROR;
				CLANG_WARN_DOCUMENTATION_COMMENTS = YES;
				CLANG_WARN_EMPTY_BODY = YES;
				CLANG_WARN_ENUM_CONVERSION = YES;
				CLANG_WARN_INFINITE_RECURSION = YES;
				CLANG_WARN_INT_CONVERSION = YES;
				CLANG_WARN_NON_LITERAL_NULL_CONVERSION = YES;
				CLANG_WARN_OBJC_IMPLICIT_RETAIN_SELF = YES;
				CLANG_WARN_OBJC_LITERAL_CONVERSION = YES;
				CLANG_WARN_OBJC_ROOT_CLASS = YES_ERROR;
				CLANG_WARN_RANGE_LOOP_ANALYSIS = YES;
				CLANG_WARN_STRICT_PROTOTYPES = YES;
				CLANG_WARN_SUSPICIOUS_MOVE = YES;
				CLANG_WARN_UNGUARDED_AVAILABILITY = YES_AGGRESSIVE;
				CLANG_WARN_UNREACHABLE_CODE = YES;
				CLANG_WARN__DUPLICATE_METHOD_MATCH = YES;
				COPY_PHASE_STRIP = NO;
				DEBUG_INFORMATION_FORMAT = dwarf;
				ENABLE_STRICT_OBJC_MSGSEND = YES;
				ENABLE_TESTABILITY = YES;
				GCC_C_LANGUAGE_STANDARD = gnu11;
				GCC_DYNAMIC_NO_PIC = NO;
				GCC_NO_COMMON_BLOCKS = YES;
				GCC_OPTIMIZATION_LEVEL = 0;
				GCC_PREPROCESSOR_DEFINITIONS = (
					"DEBUG=1",
					"$(inherited)",
				);
				GCC_WARN_64_TO_32_BIT_CONVERSION = YES;
				GCC_WARN_ABOUT_RETURN_TYPE = YES_ERROR;
				GCC_WARN_UNDECLARED_SELECTOR = YES;
				GCC_WARN_UNINITIALIZED_AUTOS = YES_AGGRESSIVE;
				GCC_WARN_UNUSED_FUNCTION = YES;
				GCC_WARN_UNUSED_VARIABLE = YES;
				IPHONEOS_DEPLOYMENT_TARGET = 13.2;
				MTL_ENABLE_DEBUG_INFO = INCLUDE_SOURCE;
				MTL_FAST_MATH = YES;
				ONLY_ACTIVE_ARCH = YES;
				SDKROOT = iphoneos;
				SWIFT_ACTIVE_COMPILATION_CONDITIONS = DEBUG;
				SWIFT_OPTIMIZATION_LEVEL = "-Onone";
			};
			name = Debug;
		};
		43FD7ECB243CC52F006FAAB1 /* Release */ = {
			isa = XCBuildConfiguration;
			buildSettings = {
				ALWAYS_SEARCH_USER_PATHS = NO;
				CLANG_ANALYZER_NONNULL = YES;
				CLANG_ANALYZER_NUMBER_OBJECT_CONVERSION = YES_AGGRESSIVE;
				CLANG_CXX_LANGUAGE_STANDARD = "gnu++14";
				CLANG_CXX_LIBRARY = "libc++";
				CLANG_ENABLE_MODULES = YES;
				CLANG_ENABLE_OBJC_ARC = YES;
				CLANG_ENABLE_OBJC_WEAK = YES;
				CLANG_WARN_BLOCK_CAPTURE_AUTORELEASING = YES;
				CLANG_WARN_BOOL_CONVERSION = YES;
				CLANG_WARN_COMMA = YES;
				CLANG_WARN_CONSTANT_CONVERSION = YES;
				CLANG_WARN_DEPRECATED_OBJC_IMPLEMENTATIONS = YES;
				CLANG_WARN_DIRECT_OBJC_ISA_USAGE = YES_ERROR;
				CLANG_WARN_DOCUMENTATION_COMMENTS = YES;
				CLANG_WARN_EMPTY_BODY = YES;
				CLANG_WARN_ENUM_CONVERSION = YES;
				CLANG_WARN_INFINITE_RECURSION = YES;
				CLANG_WARN_INT_CONVERSION = YES;
				CLANG_WARN_NON_LITERAL_NULL_CONVERSION = YES;
				CLANG_WARN_OBJC_IMPLICIT_RETAIN_SELF = YES;
				CLANG_WARN_OBJC_LITERAL_CONVERSION = YES;
				CLANG_WARN_OBJC_ROOT_CLASS = YES_ERROR;
				CLANG_WARN_RANGE_LOOP_ANALYSIS = YES;
				CLANG_WARN_STRICT_PROTOTYPES = YES;
				CLANG_WARN_SUSPICIOUS_MOVE = YES;
				CLANG_WARN_UNGUARDED_AVAILABILITY = YES_AGGRESSIVE;
				CLANG_WARN_UNREACHABLE_CODE = YES;
				CLANG_WARN__DUPLICATE_METHOD_MATCH = YES;
				COPY_PHASE_STRIP = NO;
				DEBUG_INFORMATION_FORMAT = "dwarf-with-dsym";
				ENABLE_NS_ASSERTIONS = NO;
				ENABLE_STRICT_OBJC_MSGSEND = YES;
				GCC_C_LANGUAGE_STANDARD = gnu11;
				GCC_NO_COMMON_BLOCKS = YES;
				GCC_WARN_64_TO_32_BIT_CONVERSION = YES;
				GCC_WARN_ABOUT_RETURN_TYPE = YES_ERROR;
				GCC_WARN_UNDECLARED_SELECTOR = YES;
				GCC_WARN_UNINITIALIZED_AUTOS = YES_AGGRESSIVE;
				GCC_WARN_UNUSED_FUNCTION = YES;
				GCC_WARN_UNUSED_VARIABLE = YES;
				IPHONEOS_DEPLOYMENT_TARGET = 13.2;
				MTL_ENABLE_DEBUG_INFO = NO;
				MTL_FAST_MATH = YES;
				SDKROOT = iphoneos;
				SWIFT_COMPILATION_MODE = wholemodule;
				SWIFT_OPTIMIZATION_LEVEL = "-O";
				VALIDATE_PRODUCT = YES;
			};
			name = Release;
		};
		43FD7ECD243CC52F006FAAB1 /* Debug */ = {
			isa = XCBuildConfiguration;
			baseConfigurationReference = E1E260DDE306F34853249187 /* Pods-CheckLists.debug.xcconfig */;
			buildSettings = {
				ASSETCATALOG_COMPILER_APPICON_NAME = AppIcon;
				CODE_SIGN_STYLE = Automatic;
				DEVELOPMENT_TEAM = V3BQ2BLJ8C;
				INFOPLIST_FILE = CheckLists/Info.plist;
				IPHONEOS_DEPLOYMENT_TARGET = 12.4;
				LD_RUNPATH_SEARCH_PATHS = (
					"$(inherited)",
					"@executable_path/Frameworks",
				);
				PRODUCT_BUNDLE_IDENTIFIER = com.devwilfred.CheckLists;
				PRODUCT_NAME = "$(TARGET_NAME)";
				SWIFT_VERSION = 5.0;
				TARGETED_DEVICE_FAMILY = 1;
			};
			name = Debug;
		};
		43FD7ECE243CC52F006FAAB1 /* Release */ = {
			isa = XCBuildConfiguration;
			baseConfigurationReference = A0808B69214B98B42EB7C90C /* Pods-CheckLists.release.xcconfig */;
			buildSettings = {
				ASSETCATALOG_COMPILER_APPICON_NAME = AppIcon;
				CODE_SIGN_STYLE = Automatic;
				DEVELOPMENT_TEAM = V3BQ2BLJ8C;
				INFOPLIST_FILE = CheckLists/Info.plist;
				IPHONEOS_DEPLOYMENT_TARGET = 12.4;
				LD_RUNPATH_SEARCH_PATHS = (
					"$(inherited)",
					"@executable_path/Frameworks",
				);
				PRODUCT_BUNDLE_IDENTIFIER = com.devwilfred.CheckLists;
				PRODUCT_NAME = "$(TARGET_NAME)";
				SWIFT_VERSION = 5.0;
				TARGETED_DEVICE_FAMILY = 1;
			};
			name = Release;
		};
/* End XCBuildConfiguration section */

/* Begin XCConfigurationList section */
		43FD7EB3243CC52C006FAAB1 /* Build configuration list for PBXProject "CheckLists" */ = {
			isa = XCConfigurationList;
			buildConfigurations = (
				43FD7ECA243CC52F006FAAB1 /* Debug */,
				43FD7ECB243CC52F006FAAB1 /* Release */,
			);
			defaultConfigurationIsVisible = 0;
			defaultConfigurationName = Release;
		};
		43FD7ECC243CC52F006FAAB1 /* Build configuration list for PBXNativeTarget "CheckLists" */ = {
			isa = XCConfigurationList;
			buildConfigurations = (
				43FD7ECD243CC52F006FAAB1 /* Debug */,
				43FD7ECE243CC52F006FAAB1 /* Release */,
			);
			defaultConfigurationIsVisible = 0;
			defaultConfigurationName = Release;
		};
/* End XCConfigurationList section */
	};
	rootObject = 43FD7EB0243CC52C006FAAB1 /* Project object */;
}
